
Microsoft Visual Studio Solution File, Format Version 12.00
# Visual Studio Version 17
VisualStudioVersion = 17.14.36121.58
MinimumVisualStudioVersion = 10.0.40219.1
Project("{8BC9CEB8-8B4A-11D0-8D11-00A0C91BC942}") = "Pointers", "Pointers\Pointers.vcxproj", "{BCD98B07-439D-4C43-A1BD-74C628D132D0}"
EndProject
Project("{8BC9CEB8-8B4A-11D0-8D11-00A0C91BC942}") = "TransferParameters", "TransferParameters\TransferParameters.vcxproj", "{5115D9F9-75E7-4426-A867-7E738EF24FD0}"
EndProject
Project("{8BC9CEB8-8B4A-11D0-8D11-00A0C91BC942}") = "References", "References\References.vcxproj", "{1ED6C2E2-D45A-4B35-9643-AA2CB434DD49}"
EndProject
Project("{8BC9CEB8-8B4A-11D0-8D11-00A0C91BC942}") = "DynamicMemory", "DynamicMemory\DynamicMemory.vcxproj", "{E0533B7F-DFFE-4547-BD22-15AFC90C128A}"
EndProject
Project("{8BC9CEB8-8B4A-11D0-8D11-00A0C91BC942}") = "Functions&Arrays", "Functions&Arrays\Functions&Arrays.vcxproj", "{018D78FF-DB21-462F-A79B-04F9DF4BD39A}"
EndProject
Project("{8BC9CEB8-8B4A-11D0-8D11-00A0C91BC942}") = "Split", "Split\Split.vcxproj", "{EDFA4396-98AF-4F44-A6EA-CEF68A973F38}"
EndProject
Global
	GlobalSection(SolutionConfigurationPlatforms) = preSolution
		Debug|x64 = Debug|x64
		Debug|x86 = Debug|x86
		Release|x64 = Release|x64
		Release|x86 = Release|x86
	EndGlobalSection
	GlobalSection(ProjectConfigurationPlatforms) = postSolution
		{BCD98B07-439D-4C43-A1BD-74C628D132D0}.Debug|x64.ActiveCfg = Debug|x64
		{BCD98B07-439D-4C43-A1BD-74C628D132D0}.Debug|x64.Build.0 = Debug|x64
		{BCD98B07-439D-4C43-A1BD-74C628D132D0}.Debug|x86.ActiveCfg = Debug|Win32
		{BCD98B07-439D-4C43-A1BD-74C628D132D0}.Debug|x86.Build.0 = Debug|Win32
		{BCD98B07-439D-4C43-A1BD-74C628D132D0}.Release|x64.ActiveCfg = Release|x64
		{BCD98B07-439D-4C43-A1BD-74C628D132D0}.Release|x64.Build.0 = Release|x64
		{BCD98B07-439D-4C43-A1BD-74C628D132D0}.Release|x86.ActiveCfg = Release|Win32
		{BCD98B07-439D-4C43-A1BD-74C628D132D0}.Release|x86.Build.0 = Release|Win32
		{5115D9F9-75E7-4426-A867-7E738EF24FD0}.Debug|x64.ActiveCfg = Debug|x64
		{5115D9F9-75E7-4426-A867-7E738EF24FD0}.Debug|x64.Build.0 = Debug|x64
		{5115D9F9-75E7-4426-A867-7E738EF24FD0}.Debug|x86.ActiveCfg = Debug|Win32
		{5115D9F9-75E7-4426-A867-7E738EF24FD0}.Debug|x86.Build.0 = Debug|Win32
		{5115D9F9-75E7-4426-A867-7E738EF24FD0}.Release|x64.ActiveCfg = Release|x64
		{5115D9F9-75E7-4426-A867-7E738EF24FD0}.Release|x64.Build.0 = Release|x64
		{5115D9F9-75E7-4426-A867-7E738EF24FD0}.Release|x86.ActiveCfg = Release|Win32
		{5115D9F9-75E7-4426-A867-7E738EF24FD0}.Release|x86.Build.0 = Release|Win32
		{1ED6C2E2-D45A-4B35-9643-AA2CB434DD49}.Debug|x64.ActiveCfg = Debug|x64
		{1ED6C2E2-D45A-4B35-9643-AA2CB434DD49}.Debug|x64.Build.0 = Debug|x64
		{1ED6C2E2-D45A-4B35-9643-AA2CB434DD49}.Debug|x86.ActiveCfg = Debug|Win32
		{1ED6C2E2-D45A-4B35-9643-AA2CB434DD49}.Debug|x86.Build.0 = Debug|Win32
		{1ED6C2E2-D45A-4B35-9643-AA2CB434DD49}.Release|x64.ActiveCfg = Release|x64
		{1ED6C2E2-D45A-4B35-9643-AA2CB434DD49}.Release|x64.Build.0 = Release|x64
		{1ED6C2E2-D45A-4B35-9643-AA2CB434DD49}.Release|x86.ActiveCfg = Release|Win32
		{1ED6C2E2-D45A-4B35-9643-AA2CB434DD49}.Release|x86.Build.0 = Release|Win32
		{E0533B7F-DFFE-4547-BD22-15AFC90C128A}.Debug|x64.ActiveCfg = Debug|x64
		{E0533B7F-DFFE-4547-BD22-15AFC90C128A}.Debug|x64.Build.0 = Debug|x64
		{E0533B7F-DFFE-4547-BD22-15AFC90C128A}.Debug|x86.ActiveCfg = Debug|Win32
		{E0533B7F-DFFE-4547-BD22-15AFC90C128A}.Debug|x86.Build.0 = Debug|Win32
		{E0533B7F-DFFE-4547-BD22-15AFC90C128A}.Release|x64.ActiveCfg = Release|x64
		{E0533B7F-DFFE-4547-BD22-15AFC90C128A}.Release|x64.Build.0 = Release|x64
		{E0533B7F-DFFE-4547-BD22-15AFC90C128A}.Release|x86.ActiveCfg = Release|Win32
		{E0533B7F-DFFE-4547-BD22-15AFC90C128A}.Release|x86.Build.0 = Release|Win32
		{018D78FF-DB21-462F-A79B-04F9DF4BD39A}.Debug|x64.ActiveCfg = Debug|x64
		{018D78FF-DB21-462F-A79B-04F9DF4BD39A}.Debug|x64.Build.0 = Debug|x64
		{018D78FF-DB21-462F-A79B-04F9DF4BD39A}.Debug|x86.ActiveCfg = Debug|Win32
		{018D78FF-DB21-462F-A79B-04F9DF4BD39A}.Debug|x86.Build.0 = Debug|Win32
		{018D78FF-DB21-462F-A79B-04F9DF4BD39A}.Release|x64.ActiveCfg = Release|x64
		{018D78FF-DB21-462F-A79B-04F9DF4BD39A}.Release|x64.Build.0 = Release|x64
		{018D78FF-DB21-462F-A79B-04F9DF4BD39A}.Release|x86.ActiveCfg = Release|Win32
		{018D78FF-DB21-462F-A79B-04F9DF4BD39A}.Release|x86.Build.0 = Release|Win32
		{EDFA4396-98AF-4F44-A6EA-CEF68A973F38}.Debug|x64.ActiveCfg = Debug|x64
		{EDFA4396-98AF-4F44-A6EA-CEF68A973F38}.Debug|x64.Build.0 = Debug|x64
		{EDFA4396-98AF-4F44-A6EA-CEF68A973F38}.Debug|x86.ActiveCfg = Debug|Win32
		{EDFA4396-98AF-4F44-A6EA-CEF68A973F38}.Debug|x86.Build.0 = Debug|Win32
		{EDFA4396-98AF-4F44-A6EA-CEF68A973F38}.Release|x64.ActiveCfg = Release|x64
		{EDFA4396-98AF-4F44-A6EA-CEF68A973F38}.Release|x64.Build.0 = Release|x64
		{EDFA4396-98AF-4F44-A6EA-CEF68A973F38}.Release|x86.ActiveCfg = Release|Win32
		{EDFA4396-98AF-4F44-A6EA-CEF68A973F38}.Release|x86.Build.0 = Release|Win32
	EndGlobalSection
	GlobalSection(SolutionProperties) = preSolution
		HideSolutionNode = FALSE
	EndGlobalSection
	GlobalSection(ExtensibilityGlobals) = postSolution
		SolutionGuid = {2C2E723B-2D83-4656-B2AE-079844E85A41}
	EndGlobalSection
EndGlobal
